
Microsoft Visual Studio Solution File, Format Version 12.00
# Visual Studio Version 17
VisualStudioVersion = 17.4.33213.308
MinimumVisualStudioVersion = 10.0.40219.1
Project("{FAE04EC0-301F-11D3-BF4B-00C04F79EFBC}") = "QuizAPI", "QuizAPI.csproj", "{B06EF0AC-EFC9-4FA2-BA5C-AB07DB8690CD}"
EndProject
Global
	GlobalSection(SolutionConfigurationPlatforms) = preSolution
		Debug|Any CPU = Debug|Any CPU
		Release|Any CPU = Release|Any CPU
	EndGlobalSection
	GlobalSection(ProjectConfigurationPlatforms) = postSolution
		{B06EF0AC-EFC9-4FA2-BA5C-AB07DB8690CD}.Debug|Any CPU.ActiveCfg = Debug|Any CPU
		{B06EF0AC-EFC9-4FA2-BA5C-AB07DB8690CD}.Debug|Any CPU.Build.0 = Debug|Any CPU
		{B06EF0AC-EFC9-4FA2-BA5C-AB07DB8690CD}.Release|Any CPU.ActiveCfg = Release|Any CPU
		{B06EF0AC-EFC9-4FA2-BA5C-AB07DB8690CD}.Release|Any CPU.Build.0 = Release|Any CPU
	EndGlobalSection
	GlobalSection(SolutionProperties) = preSolution
		HideSolutionNode = FALSE
	EndGlobalSection
	GlobalSection(ExtensibilityGlobals) = postSolution
		SolutionGuid = {726F4CBA-B51A-4786-8161-DCBA080E039B}
	EndGlobalSection
EndGlobal
